lockVersion: 2.0.0
id: 08ee7812-c6f8-4551-ab80-f28acfcd5a35
management:
  docChecksum: 417b29511534133a6144a51d17a20a39
  docVersion: "1.0"
  speakeasyVersion: 1.405.6
  generationVersion: 2.428.1
  releaseVersion: 0.0.1
  configChecksum: 437e28a2ac1b2ada6ec33696083cb272
features:
  typescript:
    additionalDependencies: 0.1.0
    core: 3.18.1
    defaultEnabledRetries: 0.1.0
    devContainers: 2.90.0
    enumUnions: 0.1.0
    envVarSecurityUsage: 0.1.1
    globalSecurityCallbacks: 0.1.0
    globalServerURLs: 2.82.4
    responseFormat: 0.2.3
    retries: 2.83.0
    sdkHooks: 0.1.0
    unions: 2.85.7
generatedFiles:
  - .devcontainer/README.md
  - .devcontainer/devcontainer.json
  - .devcontainer/setup.sh
  - .eslintrc.cjs
  - .gitattributes
  - .npmignore
  - CONTRIBUTING.md
  - FUNCTIONS.md
  - RUNTIMES.md
  - USAGE.md
  - docs/lib/utils/retryconfig.md
  - docs/models/components/cat.md
  - docs/models/components/dog.md
  - docs/models/components/environment.md
  - docs/models/components/size.md
  - docs/models/operations/createpetsresponsebody.md
  - docs/models/operations/createrequestbody.md
  - docs/models/operations/createresponse.md
  - docs/models/operations/createresponsebody.md
  - docs/models/operations/findonecatrequest.md
  - docs/models/operations/findonedogrequest.md
  - docs/sdks/cats/README.md
  - docs/sdks/dogs/README.md
  - docs/sdks/pets/README.md
  - docs/sdks/sdk/README.md
  - jsr.json
  - package.json
  - src/core.ts
  - src/funcs/catsFindOneCat.ts
  - src/funcs/dogsFindOneDog.ts
  - src/funcs/petsCreate.ts
  - src/hooks/hooks.ts
  - src/hooks/index.ts
  - src/hooks/types.ts
  - src/index.ts
  - src/lib/base64.ts
  - src/lib/config.ts
  - src/lib/dlv.ts
  - src/lib/encodings.ts
  - src/lib/env.ts
  - src/lib/files.ts
  - src/lib/http.ts
  - src/lib/is-plain-object.ts
  - src/lib/logger.ts
  - src/lib/matchers.ts
  - src/lib/primitives.ts
  - src/lib/retries.ts
  - src/lib/schemas.ts
  - src/lib/sdks.ts
  - src/lib/security.ts
  - src/lib/url.ts
  - src/models/components/cat.ts
  - src/models/components/dog.ts
  - src/models/components/index.ts
  - src/models/errors/httpclienterrors.ts
  - src/models/errors/index.ts
  - src/models/errors/sdkerror.ts
  - src/models/errors/sdkvalidationerror.ts
  - src/models/operations/create.ts
  - src/models/operations/findonecat.ts
  - src/models/operations/findonedog.ts
  - src/models/operations/index.ts
  - src/sdk/cats.ts
  - src/sdk/dogs.ts
  - src/sdk/index.ts
  - src/sdk/pets.ts
  - src/sdk/sdk.ts
  - src/types/blobs.ts
  - src/types/constdatetime.ts
  - src/types/enums.ts
  - src/types/fp.ts
  - src/types/index.ts
  - src/types/operations.ts
  - src/types/rfcdate.ts
  - src/types/streams.ts
  - tsconfig.json
examples:
  create:
    speakeasy-default-create:
      requestBody:
        application/json: {"type": "cat", "name": "Panama", "age": 1, "breed": "British Short Hair", "environment": "indoor"}
      responses:
        "200":
          application/json: {"type": "dog", "name": "Fluffy", "age": 4, "breed": "Alaskan Malamute", "size": "medium"}
        "201": {}
  findOneCat:
    speakeasy-default-find-one-cat:
      parameters:
        path:
          id: "<id>"
      responses:
        "200":
          application/json: {"type": "cat", "name": "Panama", "age": 1, "breed": "British Short Hair", "environment": "indoor"}
  findOneDog:
    speakeasy-default-find-one-dog:
      parameters:
        path:
          id: "<id>"
      responses:
        "200":
          application/json: {"type": "dog", "name": "Fluffy", "age": 4, "breed": "Alaskan Malamute", "size": "medium"}
