speakeasyVersion: 1.423.1
sources:
    SDK-OAS:
        sourceNamespace: sdk-oas
        sourceRevisionDigest: sha256:843d073c0deb22b425be417f3fb2a91a0674e6dfafc2740182d3ed73023bf22e
        sourceBlobDigest: sha256:acd6a46e3828f3ef6ecb35e743b700b5d21e4bf7ae7c7e97737b236266722a29
        tags:
            - latest
targets:
    sdk:
        source: SDK-OAS
        sourceNamespace: sdk-oas
        sourceRevisionDigest: sha256:843d073c0deb22b425be417f3fb2a91a0674e6dfafc2740182d3ed73023bf22e
        sourceBlobDigest: sha256:acd6a46e3828f3ef6ecb35e743b700b5d21e4bf7ae7c7e97737b236266722a29
        codeSamplesNamespace: sdk-oas-code-samples
        codeSamplesRevisionDigest: sha256:0a61be16a5cff3f5e781946f3e3d96336250a52fade036b05b4eab571e288ced
workflow:
    workflowVersion: 1.0.0
    speakeasyVersion: latest
    sources:
        SDK-OAS:
            inputs:
                - location: ../openapi.yaml
            registry:
                location: registry.speakeasyapi.dev/ritza-rzx/ritza/sdk-oas
    targets:
        sdk:
            target: typescript
            source: SDK-OAS
            codeSamples:
                registry:
                    location: registry.speakeasyapi.dev/ritza-rzx/ritza/sdk-oas-code-samples
                blocking: false
