speakeasyVersion: 1.423.1
sources:
    SDK-OAS:
        sourceNamespace: sdk-oas
        sourceRevisionDigest: sha256:3acb350bda076cbad71ce68c8446e077ab1f24c2b39bacd9358cb65829a0e293
        sourceBlobDigest: sha256:31871a32914726c146d9309e157f64a8c91dabe3655f121de149780890edd5c7
        tags:
            - latest
targets:
    sdk:
        source: SDK-OAS
        sourceNamespace: sdk-oas
        sourceRevisionDigest: sha256:3acb350bda076cbad71ce68c8446e077ab1f24c2b39bacd9358cb65829a0e293
        sourceBlobDigest: sha256:31871a32914726c146d9309e157f64a8c91dabe3655f121de149780890edd5c7
        codeSamplesNamespace: sdk-oas-code-samples
        codeSamplesRevisionDigest: sha256:56f1df02db2e20b9f281b79078391482a8f94a907e7e8bba59ebe7b85cbbcb52
workflow:
    workflowVersion: 1.0.0
    speakeasyVersion: latest
    sources:
        SDK-OAS:
            inputs:
                - location: ../openapi.yaml
            registry:
                location: registry.speakeasyapi.dev/ritza-rzx/ritza/sdk-oas
    targets:
        sdk:
            target: typescript
            source: SDK-OAS
            codeSamples:
                registry:
                    location: registry.speakeasyapi.dev/ritza-rzx/ritza/sdk-oas-code-samples
                blocking: false
